
Microsoft Visual Studio Solution File, Format Version 12.00
# Visual Studio Version 17
VisualStudioVersion = 17.8.34330.188
MinimumVisualStudioVersion = 10.0.40219.1
Project("{FAE04EC0-301F-11D3-BF4B-00C04F79EFBC}") = "AlterColumnORCL2SQL", "AlterColumnORCL2SQL\AlterColumnORCL2SQL.csproj", "{AC10A73A-1663-41C3-ADC0-F621C211B1D6}"
EndProject
Global
	GlobalSection(SolutionConfigurationPlatforms) = preSolution
		Debug|Any CPU = Debug|Any CPU
		Release|Any CPU = Release|Any CPU
	EndGlobalSection
	GlobalSection(ProjectConfigurationPlatforms) = postSolution
		{AC10A73A-1663-41C3-ADC0-F621C211B1D6}.Debug|Any CPU.ActiveCfg = Debug|Any CPU
		{AC10A73A-1663-41C3-ADC0-F621C211B1D6}.Debug|Any CPU.Build.0 = Debug|Any CPU
		{AC10A73A-1663-41C3-ADC0-F621C211B1D6}.Release|Any CPU.ActiveCfg = Release|Any CPU
		{AC10A73A-1663-41C3-ADC0-F621C211B1D6}.Release|Any CPU.Build.0 = Release|Any CPU
	EndGlobalSection
	GlobalSection(SolutionProperties) = preSolution
		HideSolutionNode = FALSE
	EndGlobalSection
	GlobalSection(ExtensibilityGlobals) = postSolution
		SolutionGuid = {5F319406-7268-4281-AD09-94C8E2FFFF70}
	EndGlobalSection
EndGlobal
